PODS:
  - AFNetworking (3.1.0):
    - AFNetworking/NSURLSession (= 3.1.0)
    - AFNetworking/Reachability (= 3.1.0)
    - AFNetworking/Security (= 3.1.0)
    - AFNetworking/Serialization (= 3.1.0)
    - AFNetworking/UIKit (= 3.1.0)
  - AFNetworking/NSURLSession (3.1.0):
    - AFNetworking/Reachability
    - AFNetworking/Security
    - AFNetworking/Serialization
  - AFNetworking/Reachability (3.1.0)
  - AFNetworking/Security (3.1.0)
  - AFNetworking/Serialization (3.1.0)
  - AFNetworking/UIKit (3.1.0):
    - AFNetworking/NSURLSession
  - FlyImage (1.0):
    - AFNetworking (~> 3.1)
    - FlyImage/Core (= 1.0)
  - FlyImage/Core (1.0):
    - AFNetworking (~> 3.1)
  - HTMLReader (2.0.1)
  - MJRefresh (3.1.12)

DEPENDENCIES:
  - AFNetworking
  - FlyImage
  - HTMLReader
  - MJRefresh

SPEC CHECKSUMS:
  AFNetworking: 5e0e199f73d8626b11e79750991f5d173d1f8b67
  FlyImage: 4a39cbc95b5a40cbec6a5ea5747f978e50c8e732
  HTMLReader: 9ce35242b19732b9f5a09a583f7f27b1724e8b7d
  MJRefresh: b96cdb21c4aa75a7b07654311ab2f315c497e806

PODFILE CHECKSUM: f16df873a71466c7525489967626dfd6f16ff51b

COCOAPODS: 1.1.1
