// !$*UTF8*$!
{
	archiveVersion = 1;
	classes = {
	};
	objectVersion = 46;
	objects = {

/* Begin PBXBuildFile section */
		3E185C931E2E31DE0017E46A /* RepositoryDetailViewController.m in Sources */ = {isa = PBXBuildFile; fileRef = 3E185C921E2E31DE0017E46A /* RepositoryDetailViewController.m */; };
		3E185C971E31B42A0017E46A /* RankingViewController.m in Sources */ = {isa = PBXBuildFile; fileRef = 3E185C961E31B42A0017E46A /* RankingViewController.m */; };
		3E185C9A1E333CA00017E46A /* UserModel.m in Sources */ = {isa = PBXBuildFile; fileRef = 3E185C991E333CA00017E46A /* UserModel.m */; };
		3E185C9E1E33420D0017E46A /* UserTableViewCell.m in Sources */ = {isa = PBXBuildFile; fileRef = 3E185C9C1E33420D0017E46A /* UserTableViewCell.m */; };
		3E185C9F1E33420D0017E46A /* UserTableViewCell.xib in Resources */ = {isa = PBXBuildFile; fileRef = 3E185C9D1E33420D0017E46A /* UserTableViewCell.xib */; };
		3E185CA21E3386E80017E46A /* UserDetailViewController.m in Sources */ = {isa = PBXBuildFile; fileRef = 3E185CA11E3386E80017E46A /* UserDetailViewController.m */; };
		3E185CA61E338D300017E46A /* SearchViewController.m in Sources */ = {isa = PBXBuildFile; fileRef = 3E185CA51E338D300017E46A /* SearchViewController.m */; };
		3E185CB01E34E7990017E46A /* MyViewController.m in Sources */ = {isa = PBXBuildFile; fileRef = 3E185CAF1E34E7990017E46A /* MyViewController.m */; };
		3E185CB81E35AD710017E46A /* LoginViewController.m in Sources */ = {isa = PBXBuildFile; fileRef = 3E185CB71E35AD710017E46A /* LoginViewController.m */; };
		3E185CBC1E3716340017E46A /* AboutViewController.m in Sources */ = {isa = PBXBuildFile; fileRef = 3E185CBA1E3716340017E46A /* AboutViewController.m */; };
		3E185CBD1E3716340017E46A /* AboutViewController.xib in Resources */ = {isa = PBXBuildFile; fileRef = 3E185CBB1E3716340017E46A /* AboutViewController.xib */; };
		3E185CC01E3794FE0017E46A /* EventModel.m in Sources */ = {isa = PBXBuildFile; fileRef = 3E185CBF1E3794FE0017E46A /* EventModel.m */; };
		3E185CC41E384A470017E46A /* EventViewController.m in Sources */ = {isa = PBXBuildFile; fileRef = 3E185CC21E384A470017E46A /* EventViewController.m */; };
		3E185CC81E38657E0017E46A /* Utility.m in Sources */ = {isa = PBXBuildFile; fileRef = 3E185CC71E38657E0017E46A /* Utility.m */; };
		3E185CCB1E3896430017E46A /* LoadingView.m in Sources */ = {isa = PBXBuildFile; fileRef = 3E185CCA1E3896430017E46A /* LoadingView.m */; };
		3E185CCF1E38C72D0017E46A /* EventTableViewCell.m in Sources */ = {isa = PBXBuildFile; fileRef = 3E185CCD1E38C72D0017E46A /* EventTableViewCell.m */; };
		3E185CD01E38C72D0017E46A /* EventTableViewCell.xib in Resources */ = {isa = PBXBuildFile; fileRef = 3E185CCE1E38C72D0017E46A /* EventTableViewCell.xib */; };
		3E185CD31E3A1F660017E46A /* WebViewController.m in Sources */ = {isa = PBXBuildFile; fileRef = 3E185CD21E3A1F660017E46A /* WebViewController.m */; };
		3E185CD61E3AFFB90017E46A /* NotificationModel.m in Sources */ = {isa = PBXBuildFile; fileRef = 3E185CD51E3AFFB90017E46A /* NotificationModel.m */; };
		3E185CDC1E3B51270017E46A /* NotificationViewController.m in Sources */ = {isa = PBXBuildFile; fileRef = 3E185CDB1E3B51270017E46A /* NotificationViewController.m */; };
		3E185CE01E3B64470017E46A /* NotificationTableViewCell.m in Sources */ = {isa = PBXBuildFile; fileRef = 3E185CDE1E3B64470017E46A /* NotificationTableViewCell.m */; };
		3E185CE11E3B64470017E46A /* NotificationTableViewCell.xib in Resources */ = {isa = PBXBuildFile; fileRef = 3E185CDF1E3B64470017E46A /* NotificationTableViewCell.xib */; };
		3E7092581E0E69D900DB50B7 /* LanguageViewController.m in Sources */ = {isa = PBXBuildFile; fileRef = 3E7092571E0E69D900DB50B7 /* LanguageViewController.m */; };
		3E9CF1991E1538BA00238038 /* LanguageModel.m in Sources */ = {isa = PBXBuildFile; fileRef = 3E9CF1981E1538BA00238038 /* LanguageModel.m */; };
		3ECCC9B51E21265300E33F6F /* DataEngine.m in Sources */ = {isa = PBXBuildFile; fileRef = 3ECCC9B41E21265300E33F6F /* DataEngine.m */; };
		3ECCC9B81E22441400E33F6F /* Repository.m in Sources */ = {isa = PBXBuildFile; fileRef = 3ECCC9B71E22441400E33F6F /* Repository.m */; };
		3ECCC9BC1E26317600E33F6F /* RepositoryTableViewCell.m in Sources */ = {isa = PBXBuildFile; fileRef = 3ECCC9BA1E26317600E33F6F /* RepositoryTableViewCell.m */; };
		3ECCC9BD1E26317600E33F6F /* RepositoryTableViewCell.xib in Resources */ = {isa = PBXBuildFile; fileRef = 3ECCC9BB1E26317600E33F6F /* RepositoryTableViewCell.xib */; };
		3EDC33F01E0695CD00B96CB1 /* main.m in Sources */ = {isa = PBXBuildFile; fileRef = 3EDC33EF1E0695CD00B96CB1 /* main.m */; };
		3EDC33F31E0695CD00B96CB1 /* AppDelegate.m in Sources */ = {isa = PBXBuildFile; fileRef = 3EDC33F21E0695CD00B96CB1 /* AppDelegate.m */; };
		3EDC33F91E0695CD00B96CB1 /* Main.storyboard in Resources */ = {isa = PBXBuildFile; fileRef = 3EDC33F71E0695CD00B96CB1 /* Main.storyboard */; };
		3EDC33FB1E0695CD00B96CB1 /* Assets.xcassets in Resources */ = {isa = PBXBuildFile; fileRef = 3EDC33FA1E0695CD00B96CB1 /* Assets.xcassets */; };
		3EDC33FE1E0695CD00B96CB1 /* LaunchScreen.storyboard in Resources */ = {isa = PBXBuildFile; fileRef = 3EDC33FC1E0695CD00B96CB1 /* LaunchScreen.storyboard */; };
		3EDC34131E07DF7300B96CB1 /* TrendingViewController.m in Sources */ = {isa = PBXBuildFile; fileRef = 3EDC34121E07DF7300B96CB1 /* TrendingViewController.m */; };
		3EDC34161E08287C00B96CB1 /* SegmentBarView.m in Sources */ = {isa = PBXBuildFile; fileRef = 3EDC34151E08287C00B96CB1 /* SegmentBarView.m */; };
		98871C1D33582277F951C8C6 /* libPods-PigHub.a in Frameworks */ = {isa = PBXBuildFile; fileRef = C2875B473FCB12A5F7D13D29 /* libPods-PigHub.a */; };
/* End PBXBuildFile section */

/* Begin PBXFileReference section */
		3E185C911E2E31DE0017E46A /* RepositoryDetailViewController.h */ = {isa = PBXFileReference; fileEncoding = 4; lastKnownFileType = sourcecode.c.h; name = RepositoryDetailViewController.h; path = Common/ViewControllers/RepositoryDetailViewController.h; sourceTree = "<group>"; };
		3E185C921E2E31DE0017E46A /* RepositoryDetailViewController.m */ = {isa = PBXFileReference; fileEncoding = 4; lastKnownFileType = sourcecode.c.objc; name = RepositoryDetailViewController.m; path = Common/ViewControllers/RepositoryDetailViewController.m; sourceTree = "<group>"; };
		3E185C951E31B42A0017E46A /* RankingViewController.h */ = {isa = PBXFileReference; fileEncoding = 4; lastKnownFileType = sourcecode.c.h; name = RankingViewController.h; path = Modules/Ranking/RankingViewController.h; sourceTree = "<group>"; };
		3E185C961E31B42A0017E46A /* RankingViewController.m */ = {isa = PBXFileReference; fileEncoding = 4; lastKnownFileType = sourcecode.c.objc; name = RankingViewController.m; path = Modules/Ranking/RankingViewController.m; sourceTree = "<group>"; };
		3E185C981E333CA00017E46A /* UserModel.h */ = {isa = PBXFileReference; fileEncoding = 4; lastKnownFileType = sourcecode.c.h; name = UserModel.h; path = Common/Models/UserModel.h; sourceTree = "<group>"; };
		3E185C991E333CA00017E46A /* UserModel.m */ = {isa = PBXFileReference; fileEncoding = 4; lastKnownFileType = sourcecode.c.objc; name = UserModel.m; path = Common/Models/UserModel.m; sourceTree = "<group>"; };
		3E185C9B1E33420D0017E46A /* UserTableViewCell.h */ = {isa = PBXFileReference; fileEncoding = 4; lastKnownFileType = sourcecode.c.h; name = UserTableViewCell.h; path = Common/Views/UserTableViewCell.h; sourceTree = "<group>"; };
		3E185C9C1E33420D0017E46A /* UserTableViewCell.m */ = {isa = PBXFileReference; fileEncoding = 4; lastKnownFileType = sourcecode.c.objc; name = UserTableViewCell.m; path = Common/Views/UserTableViewCell.m; sourceTree = "<group>"; };
		3E185C9D1E33420D0017E46A /* UserTableViewCell.xib */ = {isa = PBXFileReference; fileEncoding = 4; lastKnownFileType = file.xib; name = UserTableViewCell.xib; path = Common/Views/UserTableViewCell.xib; sourceTree = "<group>"; };
		3E185CA01E3386E80017E46A /* UserDetailViewController.h */ = {isa = PBXFileReference; fileEncoding = 4; lastKnownFileType = sourcecode.c.h; name = UserDetailViewController.h; path = Common/ViewControllers/UserDetailViewController.h; sourceTree = "<group>"; };
		3E185CA11E3386E80017E46A /* UserDetailViewController.m */ = {isa = PBXFileReference; fileEncoding = 4; lastKnownFileType = sourcecode.c.objc; name = UserDetailViewController.m; path = Common/ViewControllers/UserDetailViewController.m; sourceTree = "<group>"; };
		3E185CA41E338D300017E46A /* SearchViewController.h */ = {isa = PBXFileReference; fileEncoding = 4; lastKnownFileType = sourcecode.c.h; name = SearchViewController.h; path = Modules/Search/SearchViewController.h; sourceTree = "<group>"; };
		3E185CA51E338D300017E46A /* SearchViewController.m */ = {isa = PBXFileReference; fileEncoding = 4; lastKnownFileType = sourcecode.c.objc; name = SearchViewController.m; path = Modules/Search/SearchViewController.m; sourceTree = "<group>"; };
		3E185CAE1E34E7990017E46A /* MyViewController.h */ = {isa = PBXFileReference; fileEncoding = 4; lastKnownFileType = sourcecode.c.h; name = MyViewController.h; path = Modules/My/MyViewController.h; sourceTree = "<group>"; };
		3E185CAF1E34E7990017E46A /* MyViewController.m */ = {isa = PBXFileReference; fileEncoding = 4; lastKnownFileType = sourcecode.c.objc; name = MyViewController.m; path = Modules/My/MyViewController.m; sourceTree = "<group>"; };
		3E185CB11E359EB50017E46A /* AppConfig.h */ = {isa = PBXFileReference; lastKnownFileType = sourcecode.c.h; name = AppConfig.h; path = Common/General/AppConfig.h; sourceTree = "<group>"; };
		3E185CB61E35AD710017E46A /* LoginViewController.h */ = {isa = PBXFileReference; fileEncoding = 4; lastKnownFileType = sourcecode.c.h; name = LoginViewController.h; path = Common/ViewControllers/LoginViewController.h; sourceTree = "<group>"; };
		3E185CB71E35AD710017E46A /* LoginViewController.m */ = {isa = PBXFileReference; fileEncoding = 4; lastKnownFileType = sourcecode.c.objc; name = LoginViewController.m; path = Common/ViewControllers/LoginViewController.m; sourceTree = "<group>"; };
		3E185CB91E3716340017E46A /* AboutViewController.h */ = {isa = PBXFileReference; fileEncoding = 4; lastKnownFileType = sourcecode.c.h; name = AboutViewController.h; path = Common/ViewControllers/AboutViewController.h; sourceTree = "<group>"; };
		3E185CBA1E3716340017E46A /* AboutViewController.m */ = {isa = PBXFileReference; fileEncoding = 4; lastKnownFileType = sourcecode.c.objc; name = AboutViewController.m; path = Common/ViewControllers/AboutViewController.m; sourceTree = "<group>"; };
		3E185CBB1E3716340017E46A /* AboutViewController.xib */ = {isa = PBXFileReference; fileEncoding = 4; lastKnownFileType = file.xib; name = AboutViewController.xib; path = Common/ViewControllers/AboutViewController.xib; sourceTree = "<group>"; };
		3E185CBE1E3794FE0017E46A /* EventModel.h */ = {isa = PBXFileReference; fileEncoding = 4; lastKnownFileType = sourcecode.c.h; name = EventModel.h; path = Common/Models/EventModel.h; sourceTree = "<group>"; };
		3E185CBF1E3794FE0017E46A /* EventModel.m */ = {isa = PBXFileReference; fileEncoding = 4; lastKnownFileType = sourcecode.c.objc; name = EventModel.m; path = Common/Models/EventModel.m; sourceTree = "<group>"; };
		3E185CC11E384A470017E46A /* EventViewController.h */ = {isa = PBXFileReference; fileEncoding = 4; lastKnownFileType = sourcecode.c.h; name = EventViewController.h; path = Common/ViewControllers/EventViewController.h; sourceTree = "<group>"; };
		3E185CC21E384A470017E46A /* EventViewController.m */ = {isa = PBXFileReference; fileEncoding = 4; lastKnownFileType = sourcecode.c.objc; name = EventViewController.m; path = Common/ViewControllers/EventViewController.m; sourceTree = "<group>"; };
		3E185CC61E38657E0017E46A /* Utility.h */ = {isa = PBXFileReference; fileEncoding = 4; lastKnownFileType = sourcecode.c.h; name = Utility.h; path = Common/General/Utility.h; sourceTree = "<group>"; };
		3E185CC71E38657E0017E46A /* Utility.m */ = {isa = PBXFileReference; fileEncoding = 4; lastKnownFileType = sourcecode.c.objc; name = Utility.m; path = Common/General/Utility.m; sourceTree = "<group>"; };
		3E185CC91E3896430017E46A /* LoadingView.h */ = {isa = PBXFileReference; fileEncoding = 4; lastKnownFileType = sourcecode.c.h; name = LoadingView.h; path = Common/Views/LoadingView.h; sourceTree = "<group>"; };
		3E185CCA1E3896430017E46A /* LoadingView.m */ = {isa = PBXFileReference; fileEncoding = 4; lastKnownFileType = sourcecode.c.objc; name = LoadingView.m; path = Common/Views/LoadingView.m; sourceTree = "<group>"; };
		3E185CCC1E38C72D0017E46A /* EventTableViewCell.h */ = {isa = PBXFileReference; fileEncoding = 4; lastKnownFileType = sourcecode.c.h; name = EventTableViewCell.h; path = Common/Views/EventTableViewCell.h; sourceTree = "<group>"; };
		3E185CCD1E38C72D0017E46A /* EventTableViewCell.m */ = {isa = PBXFileReference; fileEncoding = 4; lastKnownFileType = sourcecode.c.objc; name = EventTableViewCell.m; path = Common/Views/EventTableViewCell.m; sourceTree = "<group>"; };
		3E185CCE1E38C72D0017E46A /* EventTableViewCell.xib */ = {isa = PBXFileReference; fileEncoding = 4; lastKnownFileType = file.xib; name = EventTableViewCell.xib; path = Common/Views/EventTableViewCell.xib; sourceTree = "<group>"; };
		3E185CD11E3A1F660017E46A /* WebViewController.h */ = {isa = PBXFileReference; fileEncoding = 4; lastKnownFileType = sourcecode.c.h; name = WebViewController.h; path = Common/ViewControllers/WebViewController.h; sourceTree = "<group>"; };
		3E185CD21E3A1F660017E46A /* WebViewController.m */ = {isa = PBXFileReference; fileEncoding = 4; lastKnownFileType = sourcecode.c.objc; name = WebViewController.m; path = Common/ViewControllers/WebViewController.m; sourceTree = "<group>"; };
		3E185CD41E3AFFB90017E46A /* NotificationModel.h */ = {isa = PBXFileReference; fileEncoding = 4; lastKnownFileType = sourcecode.c.h; name = NotificationModel.h; path = Common/Models/NotificationModel.h; sourceTree = "<group>"; };
		3E185CD51E3AFFB90017E46A /* NotificationModel.m */ = {isa = PBXFileReference; fileEncoding = 4; lastKnownFileType = sourcecode.c.objc; name = NotificationModel.m; path = Common/Models/NotificationModel.m; sourceTree = "<group>"; };
		3E185CDA1E3B51270017E46A /* NotificationViewController.h */ = {isa = PBXFileReference; fileEncoding = 4; lastKnownFileType = sourcecode.c.h; name = NotificationViewController.h; path = Common/ViewControllers/NotificationViewController.h; sourceTree = "<group>"; };
		3E185CDB1E3B51270017E46A /* NotificationViewController.m */ = {isa = PBXFileReference; fileEncoding = 4; lastKnownFileType = sourcecode.c.objc; name = NotificationViewController.m; path = Common/ViewControllers/NotificationViewController.m; sourceTree = "<group>"; };
		3E185CDD1E3B64470017E46A /* NotificationTableViewCell.h */ = {isa = PBXFileReference; fileEncoding = 4; lastKnownFileType = sourcecode.c.h; name = NotificationTableViewCell.h; path = Common/Views/NotificationTableViewCell.h; sourceTree = "<group>"; };
		3E185CDE1E3B64470017E46A /* NotificationTableViewCell.m */ = {isa = PBXFileReference; fileEncoding = 4; lastKnownFileType = sourcecode.c.objc; name = NotificationTableViewCell.m; path = Common/Views/NotificationTableViewCell.m; sourceTree = "<group>"; };
		3E185CDF1E3B64470017E46A /* NotificationTableViewCell.xib */ = {isa = PBXFileReference; fileEncoding = 4; lastKnownFileType = file.xib; name = NotificationTableViewCell.xib; path = Common/Views/NotificationTableViewCell.xib; sourceTree = "<group>"; };
		3E7092561E0E69D900DB50B7 /* LanguageViewController.h */ = {isa = PBXFileReference; fileEncoding = 4; lastKnownFileType = sourcecode.c.h; name = LanguageViewController.h; path = Common/ViewControllers/LanguageViewController.h; sourceTree = "<group>"; };
		3E7092571E0E69D900DB50B7 /* LanguageViewController.m */ = {isa = PBXFileReference; fileEncoding = 4; lastKnownFileType = sourcecode.c.objc; name = LanguageViewController.m; path = Common/ViewControllers/LanguageViewController.m; sourceTree = "<group>"; };
		3E9CF1971E1538BA00238038 /* LanguageModel.h */ = {isa = PBXFileReference; fileEncoding = 4; lastKnownFileType = sourcecode.c.h; name = LanguageModel.h; path = Common/Models/LanguageModel.h; sourceTree = "<group>"; };
		3E9CF1981E1538BA00238038 /* LanguageModel.m */ = {isa = PBXFileReference; fileEncoding = 4; lastKnownFileType = sourcecode.c.objc; name = LanguageModel.m; path = Common/Models/LanguageModel.m; sourceTree = "<group>"; };
		3E9CF1A01E1F95ED00238038 /* WeakifyStrongify.h */ = {isa = PBXFileReference; lastKnownFileType = sourcecode.c.h; name = WeakifyStrongify.h; path = Common/General/WeakifyStrongify.h; sourceTree = "<group>"; };
		3ECCC9B31E21265300E33F6F /* DataEngine.h */ = {isa = PBXFileReference; fileEncoding = 4; lastKnownFileType = sourcecode.c.h; name = DataEngine.h; path = Common/General/DataEngine.h; sourceTree = "<group>"; };
		3ECCC9B41E21265300E33F6F /* DataEngine.m */ = {isa = PBXFileReference; fileEncoding = 4; lastKnownFileType = sourcecode.c.objc; name = DataEngine.m; path = Common/General/DataEngine.m; sourceTree = "<group>"; };
		3ECCC9B61E22441400E33F6F /* Repository.h */ = {isa = PBXFileReference; fileEncoding = 4; lastKnownFileType = sourcecode.c.h; name = Repository.h; path = Common/Models/Repository.h; sourceTree = "<group>"; };
		3ECCC9B71E22441400E33F6F /* Repository.m */ = {isa = PBXFileReference; fileEncoding = 4; lastKnownFileType = sourcecode.c.objc; name = Repository.m; path = Common/Models/Repository.m; sourceTree = "<group>"; };
		3ECCC9B91E26317600E33F6F /* RepositoryTableViewCell.h */ = {isa = PBXFileReference; fileEncoding = 4; lastKnownFileType = sourcecode.c.h; name = RepositoryTableViewCell.h; path = Common/Views/RepositoryTableViewCell.h; sourceTree = "<group>"; };
		3ECCC9BA1E26317600E33F6F /* RepositoryTableViewCell.m */ = {isa = PBXFileReference; fileEncoding = 4; lastKnownFileType = sourcecode.c.objc; name = RepositoryTableViewCell.m; path = Common/Views/RepositoryTableViewCell.m; sourceTree = "<group>"; };
		3ECCC9BB1E26317600E33F6F /* RepositoryTableViewCell.xib */ = {isa = PBXFileReference; fileEncoding = 4; lastKnownFileType = file.xib; name = RepositoryTableViewCell.xib; path = Common/Views/RepositoryTableViewCell.xib; sourceTree = "<group>"; };
		3EDC33EB1E0695CD00B96CB1 /* PigHub.app */ = {isa = PBXFileReference; explicitFileType = wrapper.application; includeInIndex = 0; path = PigHub.app; sourceTree = BUILT_PRODUCTS_DIR; };
		3EDC33EF1E0695CD00B96CB1 /* main.m */ = {isa = PBXFileReference; lastKnownFileType = sourcecode.c.objc; path = main.m; sourceTree = "<group>"; };
		3EDC33F11E0695CD00B96CB1 /* AppDelegate.h */ = {isa = PBXFileReference; lastKnownFileType = sourcecode.c.h; path = AppDelegate.h; sourceTree = "<group>"; };
		3EDC33F21E0695CD00B96CB1 /* AppDelegate.m */ = {isa = PBXFileReference; lastKnownFileType = sourcecode.c.objc; path = AppDelegate.m; sourceTree = "<group>"; };
		3EDC33F81E0695CD00B96CB1 /* Base */ = {isa = PBXFileReference; lastKnownFileType = file.storyboard; name = Base; path = Base.lproj/Main.storyboard; sourceTree = "<group>"; };
		3EDC33FA1E0695CD00B96CB1 /* Assets.xcassets */ = {isa = PBXFileReference; lastKnownFileType = folder.assetcatalog; path = Assets.xcassets; sourceTree = "<group>"; };
		3EDC33FD1E0695CD00B96CB1 /* Base */ = {isa = PBXFileReference; lastKnownFileType = file.storyboard; name = Base; path = Base.lproj/LaunchScreen.storyboard; sourceTree = "<group>"; };
		3EDC33FF1E0695CD00B96CB1 /* Info.plist */ = {isa = PBXFileReference; lastKnownFileType = text.plist.xml; path = Info.plist; sourceTree = "<group>"; };
		3EDC34111E07DF7300B96CB1 /* TrendingViewController.h */ = {isa = PBXFileReference; fileEncoding = 4; lastKnownFileType = sourcecode.c.h; name = TrendingViewController.h; path = Modules/Trending/TrendingViewController.h; sourceTree = "<group>"; };
		3EDC34121E07DF7300B96CB1 /* TrendingViewController.m */ = {isa = PBXFileReference; fileEncoding = 4; lastKnownFileType = sourcecode.c.objc; name = TrendingViewController.m; path = Modules/Trending/TrendingViewController.m; sourceTree = "<group>"; };
		3EDC34141E08287C00B96CB1 /* SegmentBarView.h */ = {isa = PBXFileReference; fileEncoding = 4; lastKnownFileType = sourcecode.c.h; name = SegmentBarView.h; path = Common/Views/SegmentBarView.h; sourceTree = "<group>"; };
		3EDC34151E08287C00B96CB1 /* SegmentBarView.m */ = {isa = PBXFileReference; fileEncoding = 4; lastKnownFileType = sourcecode.c.objc; name = SegmentBarView.m; path = Common/Views/SegmentBarView.m; sourceTree = "<group>"; };
		4EDCFAB32E3F2589C92BFE35 /* Pods-PigHub.release.xcconfig */ = {isa = PBXFileReference; includeInIndex = 1; lastKnownFileType = text.xcconfig; name = "Pods-PigHub.release.xcconfig"; path = "Pods/Target Support Files/Pods-PigHub/Pods-PigHub.release.xcconfig"; sourceTree = "<group>"; };
		C2875B473FCB12A5F7D13D29 /* libPods-PigHub.a */ = {isa = PBXFileReference; explicitFileType = archive.ar; includeInIndex = 0; path = "libPods-PigHub.a"; sourceTree = BUILT_PRODUCTS_DIR; };
		F24014F33E622CC1E3A93C1D /* Pods-PigHub.debug.xcconfig */ = {isa = PBXFileReference; includeInIndex = 1; lastKnownFileType = text.xcconfig; name = "Pods-PigHub.debug.xcconfig"; path = "Pods/Target Support Files/Pods-PigHub/Pods-PigHub.debug.xcconfig"; sourceTree = "<group>"; };
/* End PBXFileReference section */

/* Begin PBXFrameworksBuildPhase section */
		3EDC33E81E0695CD00B96CB1 /* Frameworks */ = {
			isa = PBXFrameworksBuildPhase;
			buildActionMask = 2147483647;
			files = (
				98871C1D33582277F951C8C6 /* libPods-PigHub.a in Frameworks */,
			);
			runOnlyForDeploymentPostprocessing = 0;
		};
/* End PBXFrameworksBuildPhase section */

/* Begin PBXGroup section */
		3E185C941E31B27A0017E46A /* Ranking */ = {
			isa = PBXGroup;
			children = (
				3E185C951E31B42A0017E46A /* RankingViewController.h */,
				3E185C961E31B42A0017E46A /* RankingViewController.m */,
			);
			name = Ranking;
			sourceTree = "<group>";
		};
		3E185CA31E338AFB0017E46A /* Search */ = {
			isa = PBXGroup;
			children = (
				3E185CA41E338D300017E46A /* SearchViewController.h */,
				3E185CA51E338D300017E46A /* SearchViewController.m */,
			);
			name = Search;
			sourceTree = "<group>";
		};
		3E185CAD1E34E7710017E46A /* My */ = {
			isa = PBXGroup;
			children = (
				3E185CAE1E34E7990017E46A /* MyViewController.h */,
				3E185CAF1E34E7990017E46A /* MyViewController.m */,
			);
			name = My;
			sourceTree = "<group>";
		};
		3E7092591E0E69DF00DB50B7 /* ViewControllers */ = {
			isa = PBXGroup;
			children = (
				3E7092561E0E69D900DB50B7 /* LanguageViewController.h */,
				3E7092571E0E69D900DB50B7 /* LanguageViewController.m */,
				3E185C911E2E31DE0017E46A /* RepositoryDetailViewController.h */,
				3E185C921E2E31DE0017E46A /* RepositoryDetailViewController.m */,
				3E185CA01E3386E80017E46A /* UserDetailViewController.h */,
				3E185CA11E3386E80017E46A /* UserDetailViewController.m */,
				3E185CB61E35AD710017E46A /* LoginViewController.h */,
				3E185CB71E35AD710017E46A /* LoginViewController.m */,
				3E185CB91E3716340017E46A /* AboutViewController.h */,
				3E185CBA1E3716340017E46A /* AboutViewController.m */,
				3E185CBB1E3716340017E46A /* AboutViewController.xib */,
				3E185CC11E384A470017E46A /* EventViewController.h */,
				3E185CC21E384A470017E46A /* EventViewController.m */,
				3E185CD11E3A1F660017E46A /* WebViewController.h */,
				3E185CD21E3A1F660017E46A /* WebViewController.m */,
				3E185CDA1E3B51270017E46A /* NotificationViewController.h */,
				3E185CDB1E3B51270017E46A /* NotificationViewController.m */,
			);
			name = ViewControllers;
			sourceTree = "<group>";
		};
		3E9CF1961E1537C700238038 /* Models */ = {
			isa = PBXGroup;
			children = (
				3E185CBE1E3794FE0017E46A /* EventModel.h */,
				3E185CBF1E3794FE0017E46A /* EventModel.m */,
				3E9CF1971E1538BA00238038 /* LanguageModel.h */,
				3E9CF1981E1538BA00238038 /* LanguageModel.m */,
				3ECCC9B61E22441400E33F6F /* Repository.h */,
				3ECCC9B71E22441400E33F6F /* Repository.m */,
				3E185C981E333CA00017E46A /* UserModel.h */,
				3E185C991E333CA00017E46A /* UserModel.m */,
				3E185CD41E3AFFB90017E46A /* NotificationModel.h */,
				3E185CD51E3AFFB90017E46A /* NotificationModel.m */,
			);
			name = Models;
			sourceTree = "<group>";
		};
		3E9CF19F1E1F955200238038 /* General */ = {
			isa = PBXGroup;
			children = (
				3ECCC9B31E21265300E33F6F /* DataEngine.h */,
				3ECCC9B41E21265300E33F6F /* DataEngine.m */,
				3E9CF1A01E1F95ED00238038 /* WeakifyStrongify.h */,
				3E185CB11E359EB50017E46A /* AppConfig.h */,
				3E185CC61E38657E0017E46A /* Utility.h */,
				3E185CC71E38657E0017E46A /* Utility.m */,
			);
			name = General;
			sourceTree = "<group>";
		};
		3EDC33E21E0695CD00B96CB1 = {
			isa = PBXGroup;
			children = (
				3EDC33ED1E0695CD00B96CB1 /* PigHub */,
				3EDC33EC1E0695CD00B96CB1 /* Products */,
				EBFFAA297486EA8C9C653A7D /* Pods */,
				A1FE8A1DCDC842885EFA89D8 /* Frameworks */,
			);
			sourceTree = "<group>";
		};
		3EDC33EC1E0695CD00B96CB1 /* Products */ = {
			isa = PBXGroup;
			children = (
				3EDC33EB1E0695CD00B96CB1 /* PigHub.app */,
			);
			name = Products;
			sourceTree = "<group>";
		};
		3EDC33ED1E0695CD00B96CB1 /* PigHub */ = {
			isa = PBXGroup;
			children = (
				3EDC34171E08288200B96CB1 /* Common */,
				3EDC340F1E07D6DC00B96CB1 /* Modules */,
				3EDC33F11E0695CD00B96CB1 /* AppDelegate.h */,
				3EDC33F21E0695CD00B96CB1 /* AppDelegate.m */,
				3EDC33F71E0695CD00B96CB1 /* Main.storyboard */,
				3EDC33FA1E0695CD00B96CB1 /* Assets.xcassets */,
				3EDC33FC1E0695CD00B96CB1 /* LaunchScreen.storyboard */,
				3EDC33FF1E0695CD00B96CB1 /* Info.plist */,
				3EDC33EE1E0695CD00B96CB1 /* Supporting Files */,
			);
			path = PigHub;
			sourceTree = "<group>";
		};
		3EDC33EE1E0695CD00B96CB1 /* Supporting Files */ = {
			isa = PBXGroup;
			children = (
				3EDC33EF1E0695CD00B96CB1 /* main.m */,
			);
			name = "Supporting Files";
			sourceTree = "<group>";
		};
		3EDC340F1E07D6DC00B96CB1 /* Modules */ = {
			isa = PBXGroup;
			children = (
				3E185CAD1E34E7710017E46A /* My */,
				3E185CA31E338AFB0017E46A /* Search */,
				3E185C941E31B27A0017E46A /* Ranking */,
				3EDC34101E07D74100B96CB1 /* Trending */,
			);
			name = Modules;
			sourceTree = "<group>";
		};
		3EDC34101E07D74100B96CB1 /* Trending */ = {
			isa = PBXGroup;
			children = (
				3EDC34111E07DF7300B96CB1 /* TrendingViewController.h */,
				3EDC34121E07DF7300B96CB1 /* TrendingViewController.m */,
			);
			name = Trending;
			sourceTree = "<group>";
		};
		3EDC34171E08288200B96CB1 /* Common */ = {
			isa = PBXGroup;
			children = (
				3E9CF19F1E1F955200238038 /* General */,
				3E9CF1961E1537C700238038 /* Models */,
				3E7092591E0E69DF00DB50B7 /* ViewControllers */,
				3EDC34181E08288B00B96CB1 /* Views */,
			);
			name = Common;
			sourceTree = "<group>";
		};
		3EDC34181E08288B00B96CB1 /* Views */ = {
			isa = PBXGroup;
			children = (
				3EDC34141E08287C00B96CB1 /* SegmentBarView.h */,
				3EDC34151E08287C00B96CB1 /* SegmentBarView.m */,
				3ECCC9B91E26317600E33F6F /* RepositoryTableViewCell.h */,
				3ECCC9BA1E26317600E33F6F /* RepositoryTableViewCell.m */,
				3ECCC9BB1E26317600E33F6F /* RepositoryTableViewCell.xib */,
				3E185C9B1E33420D0017E46A /* UserTableViewCell.h */,
				3E185C9C1E33420D0017E46A /* UserTableViewCell.m */,
				3E185C9D1E33420D0017E46A /* UserTableViewCell.xib */,
				3E185CC91E3896430017E46A /* LoadingView.h */,
				3E185CCA1E3896430017E46A /* LoadingView.m */,
				3E185CCC1E38C72D0017E46A /* EventTableViewCell.h */,
				3E185CCD1E38C72D0017E46A /* EventTableViewCell.m */,
				3E185CCE1E38C72D0017E46A /* EventTableViewCell.xib */,
				3E185CDD1E3B64470017E46A /* NotificationTableViewCell.h */,
				3E185CDE1E3B64470017E46A /* NotificationTableViewCell.m */,
				3E185CDF1E3B64470017E46A /* NotificationTableViewCell.xib */,
			);
			name = Views;
			sourceTree = "<group>";
		};
		A1FE8A1DCDC842885EFA89D8 /* Frameworks */ = {
			isa = PBXGroup;
			children = (
				C2875B473FCB12A5F7D13D29 /* libPods-PigHub.a */,
			);
			name = Frameworks;
			sourceTree = "<group>";
		};
		EBFFAA297486EA8C9C653A7D /* Pods */ = {
			isa = PBXGroup;
			children = (
				F24014F33E622CC1E3A93C1D /* Pods-PigHub.debug.xcconfig */,
				4EDCFAB32E3F2589C92BFE35 /* Pods-PigHub.release.xcconfig */,
			);
			name = Pods;
			sourceTree = "<group>";
		};
/* End PBXGroup section */

/* Begin PBXNativeTarget section */
		3EDC33EA1E0695CD00B96CB1 /* PigHub */ = {
			isa = PBXNativeTarget;
			buildConfigurationList = 3EDC34021E0695CD00B96CB1 /* Build configuration list for PBXNativeTarget "PigHub" */;
			buildPhases = (
				43EA92FF9EDB59B397BC8E41 /* [CP] Check Pods Manifest.lock */,
				3EDC33E71E0695CD00B96CB1 /* Sources */,
				3EDC33E81E0695CD00B96CB1 /* Frameworks */,
				3EDC33E91E0695CD00B96CB1 /* Resources */,
				E160B156032FFF3119AF3810 /* [CP] Embed Pods Frameworks */,
				7BDE3C0EAC4C876AF71FE12E /* [CP] Copy Pods Resources */,
			);
			buildRules = (
			);
			dependencies = (
			);
			name = PigHub;
			productName = PigHub;
			productReference = 3EDC33EB1E0695CD00B96CB1 /* PigHub.app */;
			productType = "com.apple.product-type.application";
		};
/* End PBXNativeTarget section */

/* Begin PBXProject section */
		3EDC33E31E0695CD00B96CB1 /* Project object */ = {
			isa = PBXProject;
			attributes = {
				LastUpgradeCheck = 0820;
				ORGANIZATIONNAME = PizzaLiu;
				TargetAttributes = {
					3EDC33EA1E0695CD00B96CB1 = {
						CreatedOnToolsVersion = 8.2;
						DevelopmentTeam = CN88TT56R7;
						ProvisioningStyle = Automatic;
					};
				};
			};
			buildConfigurationList = 3EDC33E61E0695CD00B96CB1 /* Build configuration list for PBXProject "PigHub" */;
			compatibilityVersion = "Xcode 3.2";
			developmentRegion = English;
			hasScannedForEncodings = 0;
			knownRegions = (
				en,
				Base,
			);
			mainGroup = 3EDC33E21E0695CD00B96CB1;
			productRefGroup = 3EDC33EC1E0695CD00B96CB1 /* Products */;
			projectDirPath = "";
			projectRoot = "";
			targets = (
				3EDC33EA1E0695CD00B96CB1 /* PigHub */,
			);
		};
/* End PBXProject section */

/* Begin PBXResourcesBuildPhase section */
		3EDC33E91E0695CD00B96CB1 /* Resources */ = {
			isa = PBXResourcesBuildPhase;
			buildActionMask = 2147483647;
			files = (
				3E185CE11E3B64470017E46A /* NotificationTableViewCell.xib in Resources */,
				3EDC33FE1E0695CD00B96CB1 /* LaunchScreen.storyboard in Resources */,
				3EDC33FB1E0695CD00B96CB1 /* Assets.xcassets in Resources */,
				3ECCC9BD1E26317600E33F6F /* RepositoryTableViewCell.xib in Resources */,
				3EDC33F91E0695CD00B96CB1 /* Main.storyboard in Resources */,
				3E185CBD1E3716340017E46A /* AboutViewController.xib in Resources */,
				3E185C9F1E33420D0017E46A /* UserTableViewCell.xib in Resources */,
				3E185CD01E38C72D0017E46A /* EventTableViewCell.xib in Resources */,
			);
			runOnlyForDeploymentPostprocessing = 0;
		};
/* End PBXResourcesBuildPhase section */

/* Begin PBXShellScriptBuildPhase section */
		43EA92FF9EDB59B397BC8E41 /* [CP] Check Pods Manifest.lock */ = {
			isa = PBXShellScriptBuildPhase;
			buildActionMask = 2147483647;
			files = (
			);
			inputPaths = (
			);
			name = "[CP] Check Pods Manifest.lock";
			outputPaths = (
			);
			runOnlyForDeploymentPostprocessing = 0;
			shellPath = /bin/sh;
			shellScript = "diff \"${PODS_ROOT}/../Podfile.lock\" \"${PODS_ROOT}/Manifest.lock\" > /dev/null\nif [ $? != 0 ] ; then\n    # print error to STDERR\n    echo \"error: The sandbox is not in sync with the Podfile.lock. Run 'pod install' or update your CocoaPods installation.\" >&2\n    exit 1\nfi\n";
			showEnvVarsInLog = 0;
		};
		7BDE3C0EAC4C876AF71FE12E /* [CP] Copy Pods Resources */ = {
			isa = PBXShellScriptBuildPhase;
			buildActionMask = 2147483647;
			files = (
			);
			inputPaths = (
			);
			name = "[CP] Copy Pods Resources";
			outputPaths = (
			);
			runOnlyForDeploymentPostprocessing = 0;
			shellPath = /bin/sh;
			shellScript = "\"${SRCROOT}/Pods/Target Support Files/Pods-PigHub/Pods-PigHub-resources.sh\"\n";
			showEnvVarsInLog = 0;
		};
		E160B156032FFF3119AF3810 /* [CP] Embed Pods Frameworks */ = {
			isa = PBXShellScriptBuildPhase;
			buildActionMask = 2147483647;
			files = (
			);
			inputPaths = (
			);
			name = "[CP] Embed Pods Frameworks";
			outputPaths = (
			);
			runOnlyForDeploymentPostprocessing = 0;
			shellPath = /bin/sh;
			shellScript = "\"${SRCROOT}/Pods/Target Support Files/Pods-PigHub/Pods-PigHub-frameworks.sh\"\n";
			showEnvVarsInLog = 0;
		};
/* End PBXShellScriptBuildPhase section */

/* Begin PBXSourcesBuildPhase section */
		3EDC33E71E0695CD00B96CB1 /* Sources */ = {
			isa = PBXSourcesBuildPhase;
			buildActionMask = 2147483647;
			files = (
				3E185C9E1E33420D0017E46A /* UserTableViewCell.m in Sources */,
				3E9CF1991E1538BA00238038 /* LanguageModel.m in Sources */,
				3E185CC01E3794FE0017E46A /* EventModel.m in Sources */,
				3E185CC41E384A470017E46A /* EventViewController.m in Sources */,
				3E185CDC1E3B51270017E46A /* NotificationViewController.m in Sources */,
				3EDC34161E08287C00B96CB1 /* SegmentBarView.m in Sources */,
				3EDC34131E07DF7300B96CB1 /* TrendingViewController.m in Sources */,
				3EDC33F31E0695CD00B96CB1 /* AppDelegate.m in Sources */,
				3E185CA61E338D300017E46A /* SearchViewController.m in Sources */,
				3E185C931E2E31DE0017E46A /* RepositoryDetailViewController.m in Sources */,
				3E7092581E0E69D900DB50B7 /* LanguageViewController.m in Sources */,
				3ECCC9BC1E26317600E33F6F /* RepositoryTableViewCell.m in Sources */,
				3E185C9A1E333CA00017E46A /* UserModel.m in Sources */,
				3EDC33F01E0695CD00B96CB1 /* main.m in Sources */,
				3E185CB01E34E7990017E46A /* MyViewController.m in Sources */,
				3E185CE01E3B64470017E46A /* NotificationTableViewCell.m in Sources */,
				3E185CBC1E3716340017E46A /* AboutViewController.m in Sources */,
				3E185CD61E3AFFB90017E46A /* NotificationModel.m in Sources */,
				3ECCC9B81E22441400E33F6F /* Repository.m in Sources */,
				3E185CB81E35AD710017E46A /* LoginViewController.m in Sources */,
				3E185CC81E38657E0017E46A /* Utility.m in Sources */,
				3ECCC9B51E21265300E33F6F /* DataEngine.m in Sources */,
				3E185CCF1E38C72D0017E46A /* EventTableViewCell.m in Sources */,
				3E185CD31E3A1F660017E46A /* WebViewController.m in Sources */,
				3E185CA21E3386E80017E46A /* UserDetailViewController.m in Sources */,
				3E185CCB1E3896430017E46A /* LoadingView.m in Sources */,
				3E185C971E31B42A0017E46A /* RankingViewController.m in Sources */,
			);
			runOnlyForDeploymentPostprocessing = 0;
		};
/* End PBXSourcesBuildPhase section */

/* Begin PBXVariantGroup section */
		3EDC33F71E0695CD00B96CB1 /* Main.storyboard */ = {
			isa = PBXVariantGroup;
			children = (
				3EDC33F81E0695CD00B96CB1 /* Base */,
			);
			name = Main.storyboard;
			sourceTree = "<group>";
		};
		3EDC33FC1E0695CD00B96CB1 /* LaunchScreen.storyboard */ = {
			isa = PBXVariantGroup;
			children = (
				3EDC33FD1E0695CD00B96CB1 /* Base */,
			);
			name = LaunchScreen.storyboard;
			sourceTree = "<group>";
		};
/* End PBXVariantGroup section */

/* Begin XCBuildConfiguration section */
		3EDC34001E0695CD00B96CB1 /* Debug */ = {
			isa = XCBuildConfiguration;
			buildSettings = {
				ALWAYS_SEARCH_USER_PATHS = NO;
				CLANG_ANALYZER_NONNULL = YES;
				CLANG_CXX_LANGUAGE_STANDARD = "gnu++0x";
				CLANG_CXX_LIBRARY = "libc++";
				CLANG_ENABLE_MODULES = YES;
				CLANG_ENABLE_OBJC_ARC = YES;
				CLANG_WARN_BOOL_CONVERSION = YES;
				CLANG_WARN_CONSTANT_CONVERSION = YES;
				CLANG_WARN_DIRECT_OBJC_ISA_USAGE = YES_ERROR;
				CLANG_WARN_DOCUMENTATION_COMMENTS = YES;
				CLANG_WARN_EMPTY_BODY = YES;
				CLANG_WARN_ENUM_CONVERSION = YES;
				CLANG_WARN_INFINITE_RECURSION = YES;
				CLANG_WARN_INT_CONVERSION = YES;
				CLANG_WARN_OBJC_ROOT_CLASS = YES_ERROR;
				CLANG_WARN_SUSPICIOUS_MOVE = YES;
				CLANG_WARN_UNREACHABLE_CODE = YES;
				CLANG_WARN__DUPLICATE_METHOD_MATCH = YES;
				"CODE_SIGN_IDENTITY[sdk=iphoneos*]" = "iPhone Developer";
				COPY_PHASE_STRIP = NO;
				DEBUG_INFORMATION_FORMAT = "dwarf-with-dsym";
				ENABLE_STRICT_OBJC_MSGSEND = YES;
				ENABLE_TESTABILITY = YES;
				GCC_C_LANGUAGE_STANDARD = gnu99;
				GCC_DYNAMIC_NO_PIC = NO;
				GCC_NO_COMMON_BLOCKS = YES;
				GCC_OPTIMIZATION_LEVEL = 0;
				GCC_PRECOMPILE_PREFIX_HEADER = YES;
				GCC_PREFIX_HEADER = "";
				GCC_PREPROCESSOR_DEFINITIONS = (
					"DEBUG=1",
					"$(inherited)",
				);
				GCC_WARN_64_TO_32_BIT_CONVERSION = YES;
				GCC_WARN_ABOUT_RETURN_TYPE = YES_ERROR;
				GCC_WARN_UNDECLARED_SELECTOR = YES;
				GCC_WARN_UNINITIALIZED_AUTOS = YES_AGGRESSIVE;
				GCC_WARN_UNUSED_FUNCTION = YES;
				GCC_WARN_UNUSED_VARIABLE = YES;
				IPHONEOS_DEPLOYMENT_TARGET = 10.2;
				MTL_ENABLE_DEBUG_INFO = YES;
				ONLY_ACTIVE_ARCH = YES;
				SDKROOT = iphoneos;
				TARGETED_DEVICE_FAMILY = "1,2";
			};
			name = Debug;
		};
		3EDC34011E0695CD00B96CB1 /* Release */ = {
			isa = XCBuildConfiguration;
			buildSettings = {
				ALWAYS_SEARCH_USER_PATHS = NO;
				CLANG_ANALYZER_NONNULL = YES;
				CLANG_CXX_LANGUAGE_STANDARD = "gnu++0x";
				CLANG_CXX_LIBRARY = "libc++";
				CLANG_ENABLE_MODULES = YES;
				CLANG_ENABLE_OBJC_ARC = YES;
				CLANG_WARN_BOOL_CONVERSION = YES;
				CLANG_WARN_CONSTANT_CONVERSION = YES;
				CLANG_WARN_DIRECT_OBJC_ISA_USAGE = YES_ERROR;
				CLANG_WARN_DOCUMENTATION_COMMENTS = YES;
				CLANG_WARN_EMPTY_BODY = YES;
				CLANG_WARN_ENUM_CONVERSION = YES;
				CLANG_WARN_INFINITE_RECURSION = YES;
				CLANG_WARN_INT_CONVERSION = YES;
				CLANG_WARN_OBJC_ROOT_CLASS = YES_ERROR;
				CLANG_WARN_SUSPICIOUS_MOVE = YES;
				CLANG_WARN_UNREACHABLE_CODE = YES;
				CLANG_WARN__DUPLICATE_METHOD_MATCH = YES;
				"CODE_SIGN_IDENTITY[sdk=iphoneos*]" = "iPhone Developer";
				COPY_PHASE_STRIP = NO;
				DEBUG_INFORMATION_FORMAT = "dwarf-with-dsym";
				ENABLE_NS_ASSERTIONS = NO;
				ENABLE_STRICT_OBJC_MSGSEND = YES;
				GCC_C_LANGUAGE_STANDARD = gnu99;
				GCC_NO_COMMON_BLOCKS = YES;
				GCC_PRECOMPILE_PREFIX_HEADER = YES;
				GCC_PREFIX_HEADER = "";
				GCC_WARN_64_TO_32_BIT_CONVERSION = YES;
				GCC_WARN_ABOUT_RETURN_TYPE = YES_ERROR;
				GCC_WARN_UNDECLARED_SELECTOR = YES;
				GCC_WARN_UNINITIALIZED_AUTOS = YES_AGGRESSIVE;
				GCC_WARN_UNUSED_FUNCTION = YES;
				GCC_WARN_UNUSED_VARIABLE = YES;
				IPHONEOS_DEPLOYMENT_TARGET = 10.2;
				MTL_ENABLE_DEBUG_INFO = NO;
				SDKROOT = iphoneos;
				TARGETED_DEVICE_FAMILY = "1,2";
				VALIDATE_PRODUCT = YES;
			};
			name = Release;
		};
		3EDC34031E0695CD00B96CB1 /* Debug */ = {
			isa = XCBuildConfiguration;
			baseConfigurationReference = F24014F33E622CC1E3A93C1D /* Pods-PigHub.debug.xcconfig */;
			buildSettings = {
				ASSETCATALOG_COMPILER_APPICON_NAME = AppIcon;
				DEVELOPMENT_TEAM = CN88TT56R7;
				GCC_PRECOMPILE_PREFIX_HEADER = NO;
				INFOPLIST_FILE = PigHub/Info.plist;
				IPHONEOS_DEPLOYMENT_TARGET = 8.0;
				LD_RUNPATH_SEARCH_PATHS = "$(inherited) @executable_path/Frameworks";
				PRODUCT_BUNDLE_IDENTIFIER = com.pizzaliu.PigHub;
				PRODUCT_NAME = "$(TARGET_NAME)";
			};
			name = Debug;
		};
		3EDC34041E0695CD00B96CB1 /* Release */ = {
			isa = XCBuildConfiguration;
			baseConfigurationReference = 4EDCFAB32E3F2589C92BFE35 /* Pods-PigHub.release.xcconfig */;
			buildSettings = {
				ASSETCATALOG_COMPILER_APPICON_NAME = AppIcon;
				DEVELOPMENT_TEAM = CN88TT56R7;
				GCC_PRECOMPILE_PREFIX_HEADER = NO;
				INFOPLIST_FILE = PigHub/Info.plist;
				IPHONEOS_DEPLOYMENT_TARGET = 8.0;
				LD_RUNPATH_SEARCH_PATHS = "$(inherited) @executable_path/Frameworks";
				PRODUCT_BUNDLE_IDENTIFIER = com.pizzaliu.PigHub;
				PRODUCT_NAME = "$(TARGET_NAME)";
			};
			name = Release;
		};
/* End XCBuildConfiguration section */

/* Begin XCConfigurationList section */
		3EDC33E61E0695CD00B96CB1 /* Build configuration list for PBXProject "PigHub" */ = {
			isa = XCConfigurationList;
			buildConfigurations = (
				3EDC34001E0695CD00B96CB1 /* Debug */,
				3EDC34011E0695CD00B96CB1 /* Release */,
			);
			defaultConfigurationIsVisible = 0;
			defaultConfigurationName = Release;
		};
		3EDC34021E0695CD00B96CB1 /* Build configuration list for PBXNativeTarget "PigHub" */ = {
			isa = XCConfigurationList;
			buildConfigurations = (
				3EDC34031E0695CD00B96CB1 /* Debug */,
				3EDC34041E0695CD00B96CB1 /* Release */,
			);
			defaultConfigurationIsVisible = 0;
			defaultConfigurationName = Release;
		};
/* End XCConfigurationList section */
	};
	rootObject = 3EDC33E31E0695CD00B96CB1 /* Project object */;
}
